
Microsoft Visual Studio Solution File, Format Version 12.00
# Visual Studio 15
VisualStudioVersion = 15.0.26124.0
MinimumVisualStudioVersion = 15.0.26124.0
Project("{FAE04EC0-301F-11D3-BF4B-00C04F79EFBC}") = "AppVotos.Api", "AppVotos.Api\AppVotos.Api.csproj", "{660A1B98-77D9-4EC3-8228-1F7A1AF98BD3}"
EndProject
Project("{FAE04EC0-301F-11D3-BF4B-00C04F79EFBC}") = "AppVotos.Web", "AppVotos.Web\AppVotos.Web.csproj", "{6E601462-367A-4537-B62A-BCB7322BBB57}"
EndProject
Global
	GlobalSection(SolutionConfigurationPlatforms) = preSolution
		Debug|Any CPU = Debug|Any CPU
		Debug|x64 = Debug|x64
		Debug|x86 = Debug|x86
		Release|Any CPU = Release|Any CPU
		Release|x64 = Release|x64
		Release|x86 = Release|x86
	EndGlobalSection
	GlobalSection(SolutionProperties) = preSolution
		HideSolutionNode = FALSE
	EndGlobalSection
	GlobalSection(ProjectConfigurationPlatforms) = postSolution
		{660A1B98-77D9-4EC3-8228-1F7A1AF98BD3}.Debug|Any CPU.ActiveCfg = Debug|Any CPU
		{660A1B98-77D9-4EC3-8228-1F7A1AF98BD3}.Debug|Any CPU.Build.0 = Debug|Any CPU
		{660A1B98-77D9-4EC3-8228-1F7A1AF98BD3}.Debug|x64.ActiveCfg = Debug|Any CPU
		{660A1B98-77D9-4EC3-8228-1F7A1AF98BD3}.Debug|x64.Build.0 = Debug|Any CPU
		{660A1B98-77D9-4EC3-8228-1F7A1AF98BD3}.Debug|x86.ActiveCfg = Debug|Any CPU
		{660A1B98-77D9-4EC3-8228-1F7A1AF98BD3}.Debug|x86.Build.0 = Debug|Any CPU
		{660A1B98-77D9-4EC3-8228-1F7A1AF98BD3}.Release|Any CPU.ActiveCfg = Release|Any CPU
		{660A1B98-77D9-4EC3-8228-1F7A1AF98BD3}.Release|Any CPU.Build.0 = Release|Any CPU
		{660A1B98-77D9-4EC3-8228-1F7A1AF98BD3}.Release|x64.ActiveCfg = Release|Any CPU
		{660A1B98-77D9-4EC3-8228-1F7A1AF98BD3}.Release|x64.Build.0 = Release|Any CPU
		{660A1B98-77D9-4EC3-8228-1F7A1AF98BD3}.Release|x86.ActiveCfg = Release|Any CPU
		{660A1B98-77D9-4EC3-8228-1F7A1AF98BD3}.Release|x86.Build.0 = Release|Any CPU
		{6E601462-367A-4537-B62A-BCB7322BBB57}.Debug|Any CPU.ActiveCfg = Debug|Any CPU
		{6E601462-367A-4537-B62A-BCB7322BBB57}.Debug|Any CPU.Build.0 = Debug|Any CPU
		{6E601462-367A-4537-B62A-BCB7322BBB57}.Debug|x64.ActiveCfg = Debug|Any CPU
		{6E601462-367A-4537-B62A-BCB7322BBB57}.Debug|x64.Build.0 = Debug|Any CPU
		{6E601462-367A-4537-B62A-BCB7322BBB57}.Debug|x86.ActiveCfg = Debug|Any CPU
		{6E601462-367A-4537-B62A-BCB7322BBB57}.Debug|x86.Build.0 = Debug|Any CPU
		{6E601462-367A-4537-B62A-BCB7322BBB57}.Release|Any CPU.ActiveCfg = Release|Any CPU
		{6E601462-367A-4537-B62A-BCB7322BBB57}.Release|Any CPU.Build.0 = Release|Any CPU
		{6E601462-367A-4537-B62A-BCB7322BBB57}.Release|x64.ActiveCfg = Release|Any CPU
		{6E601462-367A-4537-B62A-BCB7322BBB57}.Release|x64.Build.0 = Release|Any CPU
		{6E601462-367A-4537-B62A-BCB7322BBB57}.Release|x86.ActiveCfg = Release|Any CPU
		{6E601462-367A-4537-B62A-BCB7322BBB57}.Release|x86.Build.0 = Release|Any CPU
	EndGlobalSection
EndGlobal
